
Microsoft Visual Studio Solution File, Format Version 12.00
# Visual Studio Version 16
VisualStudioVersion = 16.0.29519.87
MinimumVisualStudioVersion = 10.0.40219.1
Project("{9A19103F-16F7-4668-BE54-9A1E7A4F7556}") = "StudioCore", "StudioCore\StudioCore.csproj", "{593D78AF-7DE5-449D-93F5-43E83D0D171B}"
EndProject
Project("{FAE04EC0-301F-11D3-BF4B-00C04F79EFBC}") = "SoulsFormats", "SoulsFormats\SoulsFormats\SoulsFormats.csproj", "{22C664BD-877B-44DF-8ECF-2808522469A8}"
EndProject
Project("{FAE04EC0-301F-11D3-BF4B-00C04F79EFBC}") = "DSMapStudio", "DSMapStudio\DSMapStudio.csproj", "{116FFEC2-6183-4A8C-A4D6-DB03C39FFA18}"
EndProject
Project("{9A19103F-16F7-4668-BE54-9A1E7A4F7556}") = "Veldrid.ImGui", "Veldrid.ImGui\Veldrid.ImGui.csproj", "{0E86A67F-64EE-47D2-AB29-50289C9A8F59}"
EndProject
Global
	GlobalSection(SolutionConfigurationPlatforms) = preSolution
		Debug|Any CPU = Debug|Any CPU
		Release|Any CPU = Release|Any CPU
	EndGlobalSection
	GlobalSection(ProjectConfigurationPlatforms) = postSolution
		{593D78AF-7DE5-449D-93F5-43E83D0D171B}.Debug|Any CPU.ActiveCfg = Debug|Any CPU
		{593D78AF-7DE5-449D-93F5-43E83D0D171B}.Debug|Any CPU.Build.0 = Debug|Any CPU
		{593D78AF-7DE5-449D-93F5-43E83D0D171B}.Release|Any CPU.ActiveCfg = Release|Any CPU
		{593D78AF-7DE5-449D-93F5-43E83D0D171B}.Release|Any CPU.Build.0 = Release|Any CPU
		{22C664BD-877B-44DF-8ECF-2808522469A8}.Debug|Any CPU.ActiveCfg = Debug|Any CPU
		{22C664BD-877B-44DF-8ECF-2808522469A8}.Debug|Any CPU.Build.0 = Debug|Any CPU
		{22C664BD-877B-44DF-8ECF-2808522469A8}.Release|Any CPU.ActiveCfg = Release|Any CPU
		{22C664BD-877B-44DF-8ECF-2808522469A8}.Release|Any CPU.Build.0 = Release|Any CPU
		{116FFEC2-6183-4A8C-A4D6-DB03C39FFA18}.Debug|Any CPU.ActiveCfg = Debug|Any CPU
		{116FFEC2-6183-4A8C-A4D6-DB03C39FFA18}.Debug|Any CPU.Build.0 = Debug|Any CPU
		{116FFEC2-6183-4A8C-A4D6-DB03C39FFA18}.Release|Any CPU.ActiveCfg = Release|Any CPU
		{116FFEC2-6183-4A8C-A4D6-DB03C39FFA18}.Release|Any CPU.Build.0 = Release|Any CPU
		{0E86A67F-64EE-47D2-AB29-50289C9A8F59}.Debug|Any CPU.ActiveCfg = Debug|Any CPU
		{0E86A67F-64EE-47D2-AB29-50289C9A8F59}.Debug|Any CPU.Build.0 = Debug|Any CPU
		{0E86A67F-64EE-47D2-AB29-50289C9A8F59}.Release|Any CPU.ActiveCfg = Release|Any CPU
		{0E86A67F-64EE-47D2-AB29-50289C9A8F59}.Release|Any CPU.Build.0 = Release|Any CPU
	EndGlobalSection
	GlobalSection(SolutionProperties) = preSolution
		HideSolutionNode = FALSE
	EndGlobalSection
	GlobalSection(ExtensibilityGlobals) = postSolution
		SolutionGuid = {D45896A8-32E9-4517-BD34-9E84D8DD9540}
	EndGlobalSection
EndGlobal
