
Microsoft Visual Studio Solution File, Format Version 12.00
# Visual Studio 15
VisualStudioVersion = 15.0.27004.2002
MinimumVisualStudioVersion = 10.0.40219.1
Project("{9A19103F-16F7-4668-BE54-9A1E7A4F7556}") = "vk", "vk\vk.csproj", "{D8573039-9FE1-4554-A659-4E77CFBA83C1}"
EndProject
Project("{9A19103F-16F7-4668-BE54-9A1E7A4F7556}") = "vk.generator", "vk.generator\vk.generator.csproj", "{8B305A9D-A7CD-4476-A4AB-A33806A69465}"
EndProject
Project("{9A19103F-16F7-4668-BE54-9A1E7A4F7556}") = "vk.rewrite", "vk.rewrite\vk.rewrite.csproj", "{DBE56729-8E62-4138-9BEE-C02F2F8241AB}"
EndProject
Project("{2150E333-8FDC-42A3-9474-1A3956D46DE8}") = "samples", "samples", "{2B0FDFF4-F2C0-4A0C-AA8B-1BFACE57E32C}"
EndProject
Project("{9A19103F-16F7-4668-BE54-9A1E7A4F7556}") = "vk.samples.base", "samples\vk.samples.base\vk.samples.base.csproj", "{4DCC64BC-32D5-4B60-89F2-06D11B91FBE4}"
EndProject
Project("{9A19103F-16F7-4668-BE54-9A1E7A4F7556}") = "triangle", "samples\triangle\triangle.csproj", "{6CAF233D-FA8D-4D67-AF9C-7F7995349ED6}"
EndProject
Project("{9A19103F-16F7-4668-BE54-9A1E7A4F7556}") = "pipelines", "samples\pipelines\pipelines.csproj", "{45170DDE-AA94-43D4-A45A-69A01D901310}"
EndProject
Project("{9A19103F-16F7-4668-BE54-9A1E7A4F7556}") = "texture", "samples\texture\texture.csproj", "{DB543F36-B4AF-491F-83B2-B07F43C0A64A}"
EndProject
Project("{9A19103F-16F7-4668-BE54-9A1E7A4F7556}") = "texturecubemap", "samples\texturecubemap\texturecubemap.csproj", "{A324DBCD-9184-4567-B76A-DA7223BBAF7B}"
EndProject
Project("{9A19103F-16F7-4668-BE54-9A1E7A4F7556}") = "mesh", "samples\mesh\mesh.csproj", "{57986356-88D2-497B-8D29-670CA6BD82CC}"
EndProject
Project("{9A19103F-16F7-4668-BE54-9A1E7A4F7556}") = "pushconstants", "samples\pushconstants\pushconstants.csproj", "{C894311F-9A61-41B9-B118-B3DFBA430477}"
EndProject
Project("{9A19103F-16F7-4668-BE54-9A1E7A4F7556}") = "specializationconstants", "samples\specializationconstants\specializationconstants.csproj", "{C763044A-51A6-4742-9FEA-E5DF0C017DF4}"
EndProject
Project("{9A19103F-16F7-4668-BE54-9A1E7A4F7556}") = "dynamicuniformbuffer", "samples\dynamicuniformbuffer\dynamicuniformbuffer.csproj", "{78F1011F-9C5A-4250-A790-13627CC1A87E}"
EndProject
Project("{9A19103F-16F7-4668-BE54-9A1E7A4F7556}") = "offscreen", "samples\offscreen\offscreen.csproj", "{33152195-F74D-40ED-A706-C7F4EBD9830F}"
EndProject
Project("{9A19103F-16F7-4668-BE54-9A1E7A4F7556}") = "radialblur", "samples\radialblur\radialblur.csproj", "{633628AC-3CEE-4BA1-879C-355E82426350}"
EndProject
Project("{9A19103F-16F7-4668-BE54-9A1E7A4F7556}") = "tutorial", "samples\tutorial\tutorial.csproj", "{FAF59919-5A20-44D5-97F1-21E401FC6577}"
EndProject
Global
	GlobalSection(SolutionConfigurationPlatforms) = preSolution
		Debug|Any CPU = Debug|Any CPU
		Debug|x64 = Debug|x64
		Debug|x86 = Debug|x86
		Release|Any CPU = Release|Any CPU
		Release|x64 = Release|x64
		Release|x86 = Release|x86
	EndGlobalSection
	GlobalSection(ProjectConfigurationPlatforms) = postSolution
		{D8573039-9FE1-4554-A659-4E77CFBA83C1}.Debug|Any CPU.ActiveCfg = Debug|Any CPU
		{D8573039-9FE1-4554-A659-4E77CFBA83C1}.Debug|Any CPU.Build.0 = Debug|Any CPU
		{D8573039-9FE1-4554-A659-4E77CFBA83C1}.Debug|x64.ActiveCfg = Debug|Any CPU
		{D8573039-9FE1-4554-A659-4E77CFBA83C1}.Debug|x64.Build.0 = Debug|Any CPU
		{D8573039-9FE1-4554-A659-4E77CFBA83C1}.Debug|x86.ActiveCfg = Debug|Any CPU
		{D8573039-9FE1-4554-A659-4E77CFBA83C1}.Debug|x86.Build.0 = Debug|Any CPU
		{D8573039-9FE1-4554-A659-4E77CFBA83C1}.Release|Any CPU.ActiveCfg = Release|Any CPU
		{D8573039-9FE1-4554-A659-4E77CFBA83C1}.Release|Any CPU.Build.0 = Release|Any CPU
		{D8573039-9FE1-4554-A659-4E77CFBA83C1}.Release|x64.ActiveCfg = Release|Any CPU
		{D8573039-9FE1-4554-A659-4E77CFBA83C1}.Release|x64.Build.0 = Release|Any CPU
		{D8573039-9FE1-4554-A659-4E77CFBA83C1}.Release|x86.ActiveCfg = Release|Any CPU
		{D8573039-9FE1-4554-A659-4E77CFBA83C1}.Release|x86.Build.0 = Release|Any CPU
		{8B305A9D-A7CD-4476-A4AB-A33806A69465}.Debug|Any CPU.ActiveCfg = Debug|Any CPU
		{8B305A9D-A7CD-4476-A4AB-A33806A69465}.Debug|Any CPU.Build.0 = Debug|Any CPU
		{8B305A9D-A7CD-4476-A4AB-A33806A69465}.Debug|x64.ActiveCfg = Debug|Any CPU
		{8B305A9D-A7CD-4476-A4AB-A33806A69465}.Debug|x64.Build.0 = Debug|Any CPU
		{8B305A9D-A7CD-4476-A4AB-A33806A69465}.Debug|x86.ActiveCfg = Debug|Any CPU
		{8B305A9D-A7CD-4476-A4AB-A33806A69465}.Debug|x86.Build.0 = Debug|Any CPU
		{8B305A9D-A7CD-4476-A4AB-A33806A69465}.Release|Any CPU.ActiveCfg = Release|Any CPU
		{8B305A9D-A7CD-4476-A4AB-A33806A69465}.Release|Any CPU.Build.0 = Release|Any CPU
		{8B305A9D-A7CD-4476-A4AB-A33806A69465}.Release|x64.ActiveCfg = Release|Any CPU
		{8B305A9D-A7CD-4476-A4AB-A33806A69465}.Release|x64.Build.0 = Release|Any CPU
		{8B305A9D-A7CD-4476-A4AB-A33806A69465}.Release|x86.ActiveCfg = Release|Any CPU
		{8B305A9D-A7CD-4476-A4AB-A33806A69465}.Release|x86.Build.0 = Release|Any CPU
		{DBE56729-8E62-4138-9BEE-C02F2F8241AB}.Debug|Any CPU.ActiveCfg = Debug|Any CPU
		{DBE56729-8E62-4138-9BEE-C02F2F8241AB}.Debug|Any CPU.Build.0 = Debug|Any CPU
		{DBE56729-8E62-4138-9BEE-C02F2F8241AB}.Debug|x64.ActiveCfg = Debug|Any CPU
		{DBE56729-8E62-4138-9BEE-C02F2F8241AB}.Debug|x64.Build.0 = Debug|Any CPU
		{DBE56729-8E62-4138-9BEE-C02F2F8241AB}.Debug|x86.ActiveCfg = Debug|Any CPU
		{DBE56729-8E62-4138-9BEE-C02F2F8241AB}.Debug|x86.Build.0 = Debug|Any CPU
		{DBE56729-8E62-4138-9BEE-C02F2F8241AB}.Release|Any CPU.ActiveCfg = Release|Any CPU
		{DBE56729-8E62-4138-9BEE-C02F2F8241AB}.Release|Any CPU.Build.0 = Release|Any CPU
		{DBE56729-8E62-4138-9BEE-C02F2F8241AB}.Release|x64.ActiveCfg = Release|Any CPU
		{DBE56729-8E62-4138-9BEE-C02F2F8241AB}.Release|x64.Build.0 = Release|Any CPU
		{DBE56729-8E62-4138-9BEE-C02F2F8241AB}.Release|x86.ActiveCfg = Release|Any CPU
		{DBE56729-8E62-4138-9BEE-C02F2F8241AB}.Release|x86.Build.0 = Release|Any CPU
		{4DCC64BC-32D5-4B60-89F2-06D11B91FBE4}.Debug|Any CPU.ActiveCfg = Debug|Any CPU
		{4DCC64BC-32D5-4B60-89F2-06D11B91FBE4}.Debug|Any CPU.Build.0 = Debug|Any CPU
		{4DCC64BC-32D5-4B60-89F2-06D11B91FBE4}.Debug|x64.ActiveCfg = Debug|Any CPU
		{4DCC64BC-32D5-4B60-89F2-06D11B91FBE4}.Debug|x64.Build.0 = Debug|Any CPU
		{4DCC64BC-32D5-4B60-89F2-06D11B91FBE4}.Debug|x86.ActiveCfg = Debug|Any CPU
		{4DCC64BC-32D5-4B60-89F2-06D11B91FBE4}.Debug|x86.Build.0 = Debug|Any CPU
		{4DCC64BC-32D5-4B60-89F2-06D11B91FBE4}.Release|Any CPU.ActiveCfg = Release|Any CPU
		{4DCC64BC-32D5-4B60-89F2-06D11B91FBE4}.Release|Any CPU.Build.0 = Release|Any CPU
		{4DCC64BC-32D5-4B60-89F2-06D11B91FBE4}.Release|x64.ActiveCfg = Release|Any CPU
		{4DCC64BC-32D5-4B60-89F2-06D11B91FBE4}.Release|x64.Build.0 = Release|Any CPU
		{4DCC64BC-32D5-4B60-89F2-06D11B91FBE4}.Release|x86.ActiveCfg = Release|Any CPU
		{4DCC64BC-32D5-4B60-89F2-06D11B91FBE4}.Release|x86.Build.0 = Release|Any CPU
		{6CAF233D-FA8D-4D67-AF9C-7F7995349ED6}.Debug|Any CPU.ActiveCfg = Debug|Any CPU
		{6CAF233D-FA8D-4D67-AF9C-7F7995349ED6}.Debug|Any CPU.Build.0 = Debug|Any CPU
		{6CAF233D-FA8D-4D67-AF9C-7F7995349ED6}.Debug|x64.ActiveCfg = Debug|Any CPU
		{6CAF233D-FA8D-4D67-AF9C-7F7995349ED6}.Debug|x64.Build.0 = Debug|Any CPU
		{6CAF233D-FA8D-4D67-AF9C-7F7995349ED6}.Debug|x86.ActiveCfg = Debug|Any CPU
		{6CAF233D-FA8D-4D67-AF9C-7F7995349ED6}.Debug|x86.Build.0 = Debug|Any CPU
		{6CAF233D-FA8D-4D67-AF9C-7F7995349ED6}.Release|Any CPU.ActiveCfg = Release|Any CPU
		{6CAF233D-FA8D-4D67-AF9C-7F7995349ED6}.Release|Any CPU.Build.0 = Release|Any CPU
		{6CAF233D-FA8D-4D67-AF9C-7F7995349ED6}.Release|x64.ActiveCfg = Release|Any CPU
		{6CAF233D-FA8D-4D67-AF9C-7F7995349ED6}.Release|x64.Build.0 = Release|Any CPU
		{6CAF233D-FA8D-4D67-AF9C-7F7995349ED6}.Release|x86.ActiveCfg = Release|Any CPU
		{6CAF233D-FA8D-4D67-AF9C-7F7995349ED6}.Release|x86.Build.0 = Release|Any CPU
		{45170DDE-AA94-43D4-A45A-69A01D901310}.Debug|Any CPU.ActiveCfg = Debug|Any CPU
		{45170DDE-AA94-43D4-A45A-69A01D901310}.Debug|Any CPU.Build.0 = Debug|Any CPU
		{45170DDE-AA94-43D4-A45A-69A01D901310}.Debug|x64.ActiveCfg = Debug|Any CPU
		{45170DDE-AA94-43D4-A45A-69A01D901310}.Debug|x64.Build.0 = Debug|Any CPU
		{45170DDE-AA94-43D4-A45A-69A01D901310}.Debug|x86.ActiveCfg = Debug|Any CPU
		{45170DDE-AA94-43D4-A45A-69A01D901310}.Debug|x86.Build.0 = Debug|Any CPU
		{45170DDE-AA94-43D4-A45A-69A01D901310}.Release|Any CPU.ActiveCfg = Release|Any CPU
		{45170DDE-AA94-43D4-A45A-69A01D901310}.Release|Any CPU.Build.0 = Release|Any CPU
		{45170DDE-AA94-43D4-A45A-69A01D901310}.Release|x64.ActiveCfg = Release|Any CPU
		{45170DDE-AA94-43D4-A45A-69A01D901310}.Release|x64.Build.0 = Release|Any CPU
		{45170DDE-AA94-43D4-A45A-69A01D901310}.Release|x86.ActiveCfg = Release|Any CPU
		{45170DDE-AA94-43D4-A45A-69A01D901310}.Release|x86.Build.0 = Release|Any CPU
		{DB543F36-B4AF-491F-83B2-B07F43C0A64A}.Debug|Any CPU.ActiveCfg = Debug|Any CPU
		{DB543F36-B4AF-491F-83B2-B07F43C0A64A}.Debug|Any CPU.Build.0 = Debug|Any CPU
		{DB543F36-B4AF-491F-83B2-B07F43C0A64A}.Debug|x64.ActiveCfg = Debug|Any CPU
		{DB543F36-B4AF-491F-83B2-B07F43C0A64A}.Debug|x64.Build.0 = Debug|Any CPU
		{DB543F36-B4AF-491F-83B2-B07F43C0A64A}.Debug|x86.ActiveCfg = Debug|Any CPU
		{DB543F36-B4AF-491F-83B2-B07F43C0A64A}.Debug|x86.Build.0 = Debug|Any CPU
		{DB543F36-B4AF-491F-83B2-B07F43C0A64A}.Release|Any CPU.ActiveCfg = Release|Any CPU
		{DB543F36-B4AF-491F-83B2-B07F43C0A64A}.Release|Any CPU.Build.0 = Release|Any CPU
		{DB543F36-B4AF-491F-83B2-B07F43C0A64A}.Release|x64.ActiveCfg = Release|Any CPU
		{DB543F36-B4AF-491F-83B2-B07F43C0A64A}.Release|x64.Build.0 = Release|Any CPU
		{DB543F36-B4AF-491F-83B2-B07F43C0A64A}.Release|x86.ActiveCfg = Release|Any CPU
		{DB543F36-B4AF-491F-83B2-B07F43C0A64A}.Release|x86.Build.0 = Release|Any CPU
		{A324DBCD-9184-4567-B76A-DA7223BBAF7B}.Debug|Any CPU.ActiveCfg = Debug|Any CPU
		{A324DBCD-9184-4567-B76A-DA7223BBAF7B}.Debug|Any CPU.Build.0 = Debug|Any CPU
		{A324DBCD-9184-4567-B76A-DA7223BBAF7B}.Debug|x64.ActiveCfg = Debug|Any CPU
		{A324DBCD-9184-4567-B76A-DA7223BBAF7B}.Debug|x64.Build.0 = Debug|Any CPU
		{A324DBCD-9184-4567-B76A-DA7223BBAF7B}.Debug|x86.ActiveCfg = Debug|Any CPU
		{A324DBCD-9184-4567-B76A-DA7223BBAF7B}.Debug|x86.Build.0 = Debug|Any CPU
		{A324DBCD-9184-4567-B76A-DA7223BBAF7B}.Release|Any CPU.ActiveCfg = Release|Any CPU
		{A324DBCD-9184-4567-B76A-DA7223BBAF7B}.Release|Any CPU.Build.0 = Release|Any CPU
		{A324DBCD-9184-4567-B76A-DA7223BBAF7B}.Release|x64.ActiveCfg = Release|Any CPU
		{A324DBCD-9184-4567-B76A-DA7223BBAF7B}.Release|x64.Build.0 = Release|Any CPU
		{A324DBCD-9184-4567-B76A-DA7223BBAF7B}.Release|x86.ActiveCfg = Release|Any CPU
		{A324DBCD-9184-4567-B76A-DA7223BBAF7B}.Release|x86.Build.0 = Release|Any CPU
		{57986356-88D2-497B-8D29-670CA6BD82CC}.Debug|Any CPU.ActiveCfg = Debug|Any CPU
		{57986356-88D2-497B-8D29-670CA6BD82CC}.Debug|Any CPU.Build.0 = Debug|Any CPU
		{57986356-88D2-497B-8D29-670CA6BD82CC}.Debug|x64.ActiveCfg = Debug|Any CPU
		{57986356-88D2-497B-8D29-670CA6BD82CC}.Debug|x64.Build.0 = Debug|Any CPU
		{57986356-88D2-497B-8D29-670CA6BD82CC}.Debug|x86.ActiveCfg = Debug|Any CPU
		{57986356-88D2-497B-8D29-670CA6BD82CC}.Debug|x86.Build.0 = Debug|Any CPU
		{57986356-88D2-497B-8D29-670CA6BD82CC}.Release|Any CPU.ActiveCfg = Release|Any CPU
		{57986356-88D2-497B-8D29-670CA6BD82CC}.Release|Any CPU.Build.0 = Release|Any CPU
		{57986356-88D2-497B-8D29-670CA6BD82CC}.Release|x64.ActiveCfg = Release|Any CPU
		{57986356-88D2-497B-8D29-670CA6BD82CC}.Release|x64.Build.0 = Release|Any CPU
		{57986356-88D2-497B-8D29-670CA6BD82CC}.Release|x86.ActiveCfg = Release|Any CPU
		{57986356-88D2-497B-8D29-670CA6BD82CC}.Release|x86.Build.0 = Release|Any CPU
		{C894311F-9A61-41B9-B118-B3DFBA430477}.Debug|Any CPU.ActiveCfg = Debug|Any CPU
		{C894311F-9A61-41B9-B118-B3DFBA430477}.Debug|Any CPU.Build.0 = Debug|Any CPU
		{C894311F-9A61-41B9-B118-B3DFBA430477}.Debug|x64.ActiveCfg = Debug|Any CPU
		{C894311F-9A61-41B9-B118-B3DFBA430477}.Debug|x64.Build.0 = Debug|Any CPU
		{C894311F-9A61-41B9-B118-B3DFBA430477}.Debug|x86.ActiveCfg = Debug|Any CPU
		{C894311F-9A61-41B9-B118-B3DFBA430477}.Debug|x86.Build.0 = Debug|Any CPU
		{C894311F-9A61-41B9-B118-B3DFBA430477}.Release|Any CPU.ActiveCfg = Release|Any CPU
		{C894311F-9A61-41B9-B118-B3DFBA430477}.Release|Any CPU.Build.0 = Release|Any CPU
		{C894311F-9A61-41B9-B118-B3DFBA430477}.Release|x64.ActiveCfg = Release|Any CPU
		{C894311F-9A61-41B9-B118-B3DFBA430477}.Release|x64.Build.0 = Release|Any CPU
		{C894311F-9A61-41B9-B118-B3DFBA430477}.Release|x86.ActiveCfg = Release|Any CPU
		{C894311F-9A61-41B9-B118-B3DFBA430477}.Release|x86.Build.0 = Release|Any CPU
		{C763044A-51A6-4742-9FEA-E5DF0C017DF4}.Debug|Any CPU.ActiveCfg = Debug|Any CPU
		{C763044A-51A6-4742-9FEA-E5DF0C017DF4}.Debug|Any CPU.Build.0 = Debug|Any CPU
		{C763044A-51A6-4742-9FEA-E5DF0C017DF4}.Debug|x64.ActiveCfg = Debug|Any CPU
		{C763044A-51A6-4742-9FEA-E5DF0C017DF4}.Debug|x64.Build.0 = Debug|Any CPU
		{C763044A-51A6-4742-9FEA-E5DF0C017DF4}.Debug|x86.ActiveCfg = Debug|Any CPU
		{C763044A-51A6-4742-9FEA-E5DF0C017DF4}.Debug|x86.Build.0 = Debug|Any CPU
		{C763044A-51A6-4742-9FEA-E5DF0C017DF4}.Release|Any CPU.ActiveCfg = Release|Any CPU
		{C763044A-51A6-4742-9FEA-E5DF0C017DF4}.Release|Any CPU.Build.0 = Release|Any CPU
		{C763044A-51A6-4742-9FEA-E5DF0C017DF4}.Release|x64.ActiveCfg = Release|Any CPU
		{C763044A-51A6-4742-9FEA-E5DF0C017DF4}.Release|x64.Build.0 = Release|Any CPU
		{C763044A-51A6-4742-9FEA-E5DF0C017DF4}.Release|x86.ActiveCfg = Release|Any CPU
		{C763044A-51A6-4742-9FEA-E5DF0C017DF4}.Release|x86.Build.0 = Release|Any CPU
		{78F1011F-9C5A-4250-A790-13627CC1A87E}.Debug|Any CPU.ActiveCfg = Debug|Any CPU
		{78F1011F-9C5A-4250-A790-13627CC1A87E}.Debug|Any CPU.Build.0 = Debug|Any CPU
		{78F1011F-9C5A-4250-A790-13627CC1A87E}.Debug|x64.ActiveCfg = Debug|Any CPU
		{78F1011F-9C5A-4250-A790-13627CC1A87E}.Debug|x64.Build.0 = Debug|Any CPU
		{78F1011F-9C5A-4250-A790-13627CC1A87E}.Debug|x86.ActiveCfg = Debug|Any CPU
		{78F1011F-9C5A-4250-A790-13627CC1A87E}.Debug|x86.Build.0 = Debug|Any CPU
		{78F1011F-9C5A-4250-A790-13627CC1A87E}.Release|Any CPU.ActiveCfg = Release|Any CPU
		{78F1011F-9C5A-4250-A790-13627CC1A87E}.Release|Any CPU.Build.0 = Release|Any CPU
		{78F1011F-9C5A-4250-A790-13627CC1A87E}.Release|x64.ActiveCfg = Release|Any CPU
		{78F1011F-9C5A-4250-A790-13627CC1A87E}.Release|x64.Build.0 = Release|Any CPU
		{78F1011F-9C5A-4250-A790-13627CC1A87E}.Release|x86.ActiveCfg = Release|Any CPU
		{78F1011F-9C5A-4250-A790-13627CC1A87E}.Release|x86.Build.0 = Release|Any CPU
		{33152195-F74D-40ED-A706-C7F4EBD9830F}.Debug|Any CPU.ActiveCfg = Debug|Any CPU
		{33152195-F74D-40ED-A706-C7F4EBD9830F}.Debug|Any CPU.Build.0 = Debug|Any CPU
		{33152195-F74D-40ED-A706-C7F4EBD9830F}.Debug|x64.ActiveCfg = Debug|Any CPU
		{33152195-F74D-40ED-A706-C7F4EBD9830F}.Debug|x64.Build.0 = Debug|Any CPU
		{33152195-F74D-40ED-A706-C7F4EBD9830F}.Debug|x86.ActiveCfg = Debug|Any CPU
		{33152195-F74D-40ED-A706-C7F4EBD9830F}.Debug|x86.Build.0 = Debug|Any CPU
		{33152195-F74D-40ED-A706-C7F4EBD9830F}.Release|Any CPU.ActiveCfg = Release|Any CPU
		{33152195-F74D-40ED-A706-C7F4EBD9830F}.Release|Any CPU.Build.0 = Release|Any CPU
		{33152195-F74D-40ED-A706-C7F4EBD9830F}.Release|x64.ActiveCfg = Release|Any CPU
		{33152195-F74D-40ED-A706-C7F4EBD9830F}.Release|x64.Build.0 = Release|Any CPU
		{33152195-F74D-40ED-A706-C7F4EBD9830F}.Release|x86.ActiveCfg = Release|Any CPU
		{33152195-F74D-40ED-A706-C7F4EBD9830F}.Release|x86.Build.0 = Release|Any CPU
		{633628AC-3CEE-4BA1-879C-355E82426350}.Debug|Any CPU.ActiveCfg = Debug|Any CPU
		{633628AC-3CEE-4BA1-879C-355E82426350}.Debug|Any CPU.Build.0 = Debug|Any CPU
		{633628AC-3CEE-4BA1-879C-355E82426350}.Debug|x64.ActiveCfg = Debug|Any CPU
		{633628AC-3CEE-4BA1-879C-355E82426350}.Debug|x64.Build.0 = Debug|Any CPU
		{633628AC-3CEE-4BA1-879C-355E82426350}.Debug|x86.ActiveCfg = Debug|Any CPU
		{633628AC-3CEE-4BA1-879C-355E82426350}.Debug|x86.Build.0 = Debug|Any CPU
		{633628AC-3CEE-4BA1-879C-355E82426350}.Release|Any CPU.ActiveCfg = Release|Any CPU
		{633628AC-3CEE-4BA1-879C-355E82426350}.Release|Any CPU.Build.0 = Release|Any CPU
		{633628AC-3CEE-4BA1-879C-355E82426350}.Release|x64.ActiveCfg = Release|Any CPU
		{633628AC-3CEE-4BA1-879C-355E82426350}.Release|x64.Build.0 = Release|Any CPU
		{633628AC-3CEE-4BA1-879C-355E82426350}.Release|x86.ActiveCfg = Release|Any CPU
		{633628AC-3CEE-4BA1-879C-355E82426350}.Release|x86.Build.0 = Release|Any CPU
		{FAF59919-5A20-44D5-97F1-21E401FC6577}.Debug|Any CPU.ActiveCfg = Debug|Any CPU
		{FAF59919-5A20-44D5-97F1-21E401FC6577}.Debug|Any CPU.Build.0 = Debug|Any CPU
		{FAF59919-5A20-44D5-97F1-21E401FC6577}.Debug|x64.ActiveCfg = Debug|Any CPU
		{FAF59919-5A20-44D5-97F1-21E401FC6577}.Debug|x64.Build.0 = Debug|Any CPU
		{FAF59919-5A20-44D5-97F1-21E401FC6577}.Debug|x86.ActiveCfg = Debug|Any CPU
		{FAF59919-5A20-44D5-97F1-21E401FC6577}.Debug|x86.Build.0 = Debug|Any CPU
		{FAF59919-5A20-44D5-97F1-21E401FC6577}.Release|Any CPU.ActiveCfg = Release|Any CPU
		{FAF59919-5A20-44D5-97F1-21E401FC6577}.Release|Any CPU.Build.0 = Release|Any CPU
		{FAF59919-5A20-44D5-97F1-21E401FC6577}.Release|x64.ActiveCfg = Release|Any CPU
		{FAF59919-5A20-44D5-97F1-21E401FC6577}.Release|x64.Build.0 = Release|Any CPU
		{FAF59919-5A20-44D5-97F1-21E401FC6577}.Release|x86.ActiveCfg = Release|Any CPU
		{FAF59919-5A20-44D5-97F1-21E401FC6577}.Release|x86.Build.0 = Release|Any CPU
	EndGlobalSection
	GlobalSection(SolutionProperties) = preSolution
		HideSolutionNode = FALSE
	EndGlobalSection
	GlobalSection(NestedProjects) = preSolution
		{4DCC64BC-32D5-4B60-89F2-06D11B91FBE4} = {2B0FDFF4-F2C0-4A0C-AA8B-1BFACE57E32C}
		{6CAF233D-FA8D-4D67-AF9C-7F7995349ED6} = {2B0FDFF4-F2C0-4A0C-AA8B-1BFACE57E32C}
		{45170DDE-AA94-43D4-A45A-69A01D901310} = {2B0FDFF4-F2C0-4A0C-AA8B-1BFACE57E32C}
		{DB543F36-B4AF-491F-83B2-B07F43C0A64A} = {2B0FDFF4-F2C0-4A0C-AA8B-1BFACE57E32C}
		{A324DBCD-9184-4567-B76A-DA7223BBAF7B} = {2B0FDFF4-F2C0-4A0C-AA8B-1BFACE57E32C}
		{57986356-88D2-497B-8D29-670CA6BD82CC} = {2B0FDFF4-F2C0-4A0C-AA8B-1BFACE57E32C}
		{C894311F-9A61-41B9-B118-B3DFBA430477} = {2B0FDFF4-F2C0-4A0C-AA8B-1BFACE57E32C}
		{C763044A-51A6-4742-9FEA-E5DF0C017DF4} = {2B0FDFF4-F2C0-4A0C-AA8B-1BFACE57E32C}
		{78F1011F-9C5A-4250-A790-13627CC1A87E} = {2B0FDFF4-F2C0-4A0C-AA8B-1BFACE57E32C}
		{33152195-F74D-40ED-A706-C7F4EBD9830F} = {2B0FDFF4-F2C0-4A0C-AA8B-1BFACE57E32C}
		{633628AC-3CEE-4BA1-879C-355E82426350} = {2B0FDFF4-F2C0-4A0C-AA8B-1BFACE57E32C}
		{FAF59919-5A20-44D5-97F1-21E401FC6577} = {2B0FDFF4-F2C0-4A0C-AA8B-1BFACE57E32C}
	EndGlobalSection
	GlobalSection(ExtensibilityGlobals) = postSolution
		SolutionGuid = {6683F8EA-EBC0-48F7-A6E0-2B71457EB172}
	EndGlobalSection
	GlobalSection(Performance) = preSolution
		HasPerformanceSessions = true
	EndGlobalSection
EndGlobal
